{
  "name": "gdax-assistant",
  "version": "1.0.18",
  "lockfileVersion": 1,
  "requires": true,
  "dependencies": {
    "gdax-sim-test-data": {
      "version": "1.0.2",
      "resolved": "https://registry.npmjs.org/gdax-sim-test-data/-/gdax-sim-test-data-1.0.2.tgz",
      "integrity": "sha512-9En8wO9VOKiQi4JHkQVyAUQyg3uqYPHtzENSRk9muY7BPoAYwJDQ8k8XZorS2YKq1GL7kGc6ixJl3ZhwCdx0pg=="
    }
  }
}
